
Microsoft Visual Studio Solution File, Format Version 12.00
# Visual Studio 14
VisualStudioVersion = 14.0.25123.0
MinimumVisualStudioVersion = 10.0.40219.1
Project("{FAE04EC0-301F-11D3-BF4B-00C04F79EFBC}") = "rebus-in-azure-web-app", "rebus-in-azure-web-app\rebus-in-azure-web-app.csproj", "{0354D7B3-EE1C-496D-9063-1848F182B83E}"
EndProject
Global
	GlobalSection(SolutionConfigurationPlatforms) = preSolution
		Debug|Any CPU = Debug|Any CPU
		Release|Any CPU = Release|Any CPU
	EndGlobalSection
	GlobalSection(ProjectConfigurationPlatforms) = postSolution
		{0354D7B3-EE1C-496D-9063-1848F182B83E}.Debug|Any CPU.ActiveCfg = Debug|Any CPU
		{0354D7B3-EE1C-496D-9063-1848F182B83E}.Debug|Any CPU.Build.0 = Debug|Any CPU
		{0354D7B3-EE1C-496D-9063-1848F182B83E}.Release|Any CPU.ActiveCfg = Release|Any CPU
		{0354D7B3-EE1C-496D-9063-1848F182B83E}.Release|Any CPU.Build.0 = Release|Any CPU
	EndGlobalSection
	GlobalSection(SolutionProperties) = preSolution
		HideSolutionNode = FALSE
	EndGlobalSection
EndGlobal
